
Microsoft Visual Studio Solution File, Format Version 12.00
# Visual Studio Version 17
VisualStudioVersion = 17.4.32912.340
MinimumVisualStudioVersion = 10.0.40219.1
Project("{9A19103F-16F7-4668-BE54-9A1E7A4F7556}") = "ValidatR", "ValidatR\ValidatR.csproj", "{B2ED2865-71D6-4DED-AEA9-B272DAFA043A}"
EndProject
Project("{FAE04EC0-301F-11D3-BF4B-00C04F79EFBC}") = "ValidatR.Examples", "ValidatR.Examples\ValidatR.Examples.csproj", "{98A4D242-241B-4D38-A000-91283D82A001}"
EndProject
Project("{FAE04EC0-301F-11D3-BF4B-00C04F79EFBC}") = "ValidatR.DependencyInjection", "ValidatR.DependencyInjection\ValidatR.DependencyInjection.csproj", "{F75FCE85-8957-4304-A4DB-845B79292E9A}"
EndProject
Project("{2150E333-8FDC-42A3-9474-1A3956D46DE8}") = "Packages", "Packages", "{07BFBFEA-420E-4CED-8AE1-E349054E13F0}"
EndProject
Project("{FAE04EC0-301F-11D3-BF4B-00C04F79EFBC}") = "ValidatR.Middleware", "ValidatR.Middleware\ValidatR.Middleware.csproj", "{AC2F1864-E11C-4B24-8FFB-A817CE491825}"
EndProject
Project("{2150E333-8FDC-42A3-9474-1A3956D46DE8}") = "Tests", "Tests", "{C8D6C23B-1755-480B-A95E-CE10A188E36F}"
EndProject
Project("{FAE04EC0-301F-11D3-BF4B-00C04F79EFBC}") = "ValidatR.Tests", "ValidatR.Tests\ValidatR.Tests.csproj", "{4EFC9B4B-3009-4069-A043-C51CFF7BAA34}"
EndProject
Global
	GlobalSection(SolutionConfigurationPlatforms) = preSolution
		Debug|Any CPU = Debug|Any CPU
		Release|Any CPU = Release|Any CPU
	EndGlobalSection
	GlobalSection(ProjectConfigurationPlatforms) = postSolution
		{B2ED2865-71D6-4DED-AEA9-B272DAFA043A}.Debug|Any CPU.ActiveCfg = Debug|Any CPU
		{B2ED2865-71D6-4DED-AEA9-B272DAFA043A}.Debug|Any CPU.Build.0 = Debug|Any CPU
		{B2ED2865-71D6-4DED-AEA9-B272DAFA043A}.Release|Any CPU.ActiveCfg = Release|Any CPU
		{B2ED2865-71D6-4DED-AEA9-B272DAFA043A}.Release|Any CPU.Build.0 = Release|Any CPU
		{98A4D242-241B-4D38-A000-91283D82A001}.Debug|Any CPU.ActiveCfg = Debug|Any CPU
		{98A4D242-241B-4D38-A000-91283D82A001}.Debug|Any CPU.Build.0 = Debug|Any CPU
		{98A4D242-241B-4D38-A000-91283D82A001}.Release|Any CPU.ActiveCfg = Release|Any CPU
		{98A4D242-241B-4D38-A000-91283D82A001}.Release|Any CPU.Build.0 = Release|Any CPU
		{F75FCE85-8957-4304-A4DB-845B79292E9A}.Debug|Any CPU.ActiveCfg = Debug|Any CPU
		{F75FCE85-8957-4304-A4DB-845B79292E9A}.Debug|Any CPU.Build.0 = Debug|Any CPU
		{F75FCE85-8957-4304-A4DB-845B79292E9A}.Release|Any CPU.ActiveCfg = Release|Any CPU
		{F75FCE85-8957-4304-A4DB-845B79292E9A}.Release|Any CPU.Build.0 = Release|Any CPU
		{AC2F1864-E11C-4B24-8FFB-A817CE491825}.Debug|Any CPU.ActiveCfg = Debug|Any CPU
		{AC2F1864-E11C-4B24-8FFB-A817CE491825}.Debug|Any CPU.Build.0 = Debug|Any CPU
		{AC2F1864-E11C-4B24-8FFB-A817CE491825}.Release|Any CPU.ActiveCfg = Release|Any CPU
		{AC2F1864-E11C-4B24-8FFB-A817CE491825}.Release|Any CPU.Build.0 = Release|Any CPU
		{4EFC9B4B-3009-4069-A043-C51CFF7BAA34}.Debug|Any CPU.ActiveCfg = Debug|Any CPU
		{4EFC9B4B-3009-4069-A043-C51CFF7BAA34}.Debug|Any CPU.Build.0 = Debug|Any CPU
		{4EFC9B4B-3009-4069-A043-C51CFF7BAA34}.Release|Any CPU.ActiveCfg = Release|Any CPU
		{4EFC9B4B-3009-4069-A043-C51CFF7BAA34}.Release|Any CPU.Build.0 = Release|Any CPU
	EndGlobalSection
	GlobalSection(SolutionProperties) = preSolution
		HideSolutionNode = FALSE
	EndGlobalSection
	GlobalSection(NestedProjects) = preSolution
		{B2ED2865-71D6-4DED-AEA9-B272DAFA043A} = {07BFBFEA-420E-4CED-8AE1-E349054E13F0}
		{F75FCE85-8957-4304-A4DB-845B79292E9A} = {07BFBFEA-420E-4CED-8AE1-E349054E13F0}
		{AC2F1864-E11C-4B24-8FFB-A817CE491825} = {07BFBFEA-420E-4CED-8AE1-E349054E13F0}
		{4EFC9B4B-3009-4069-A043-C51CFF7BAA34} = {C8D6C23B-1755-480B-A95E-CE10A188E36F}
	EndGlobalSection
	GlobalSection(ExtensibilityGlobals) = postSolution
		SolutionGuid = {02AA2FD4-0753-4250-BC96-251BE29D9947}
	EndGlobalSection
EndGlobal
